{
  "name": "npm-exec-issue",
  "version": "1.0.0",
  "lockfileVersion": 3,
  "requires": true,
  "packages": {
    "": {
      "name": "npm-exec-issue",
      "version": "1.0.0",
      "dependencies": {
        "lib": "file:./lib"
      }
    },
    "lib": {
      "version": "1.0.0",
      "license": "ISC",
      "bin": {
        "the-target": "bin/target.js"
      }
    },
    "node_modules/lib": {
      "resolved": "lib",
      "link": true
    }
  }
}
